// !$*UTF8*$!
{
	archiveVersion = 1;
	classes = {
	};
	objectVersion = 50;
	objects = {

/* Begin PBXBuildFile section */
		36FD4AAF2B395F0A88852E98 /* libPods-HelloRxSwift.a in Frameworks */ = {isa = PBXBuildFile; fileRef = 78D0E4B6D85460C7CFD4E78D /* libPods-HelloRxSwift.a */; };
		3D315817BB4AD37019C54286 /* libPods-HelloRxSwift-HelloRxSwiftUITests.a in Frameworks */ = {isa = PBXBuildFile; fileRef = C396E6ACD8D508840A1B3FE5 /* libPods-HelloRxSwift-HelloRxSwiftUITests.a */; };
		7519B9022D1E50691A1EA0C6 /* libPods-HelloRxSwift-HelloRxSwiftTests.a in Frameworks */ = {isa = PBXBuildFile; fileRef = 073FE9BD25815BDB4726AFE2 /* libPods-HelloRxSwift-HelloRxSwiftTests.a */; };
		8D4BFA9923A13CC9002D79B8 /* AppDelegate.swift in Sources */ = {isa = PBXBuildFile; fileRef = 8D4BFA9823A13CC9002D79B8 /* AppDelegate.swift */; };
		8D4BFA9B23A13CC9002D79B8 /* SceneDelegate.swift in Sources */ = {isa = PBXBuildFile; fileRef = 8D4BFA9A23A13CC9002D79B8 /* SceneDelegate.swift */; };
		8D4BFA9D23A13CC9002D79B8 /* ViewController.swift in Sources */ = {isa = PBXBuildFile; fileRef = 8D4BFA9C23A13CC9002D79B8 /* ViewController.swift */; };
		8D4BFAA023A13CC9002D79B8 /* Main.storyboard in Resources */ = {isa = PBXBuildFile; fileRef = 8D4BFA9E23A13CC9002D79B8 /* Main.storyboard */; };
		8D4BFAA223A13CCB002D79B8 /* Assets.xcassets in Resources */ = {isa = PBXBuildFile; fileRef = 8D4BFAA123A13CCB002D79B8 /* Assets.xcassets */; };
		8D4BFAA523A13CCB002D79B8 /* LaunchScreen.storyboard in Resources */ = {isa = PBXBuildFile; fileRef = 8D4BFAA323A13CCB002D79B8 /* LaunchScreen.storyboard */; };
		8D4BFAB023A13CCC002D79B8 /* HelloRxSwiftTests.swift in Sources */ = {isa = PBXBuildFile; fileRef = 8D4BFAAF23A13CCC002D79B8 /* HelloRxSwiftTests.swift */; };
		8D4BFABB23A13CCC002D79B8 /* HelloRxSwiftUITests.swift in Sources */ = {isa = PBXBuildFile; fileRef = 8D4BFABA23A13CCC002D79B8 /* HelloRxSwiftUITests.swift */; };
		8D78C5E823A1EEC6002718FA /* SecondViewController.swift in Sources */ = {isa = PBXBuildFile; fileRef = 8D78C5E723A1EEC6002718FA /* SecondViewController.swift */; };
/* End PBXBuildFile section */

/* Begin PBXContainerItemProxy section */
		8D4BFAAC23A13CCC002D79B8 /* PBXContainerItemProxy */ = {
			isa = PBXContainerItemProxy;
			containerPortal = 8D4BFA8D23A13CC9002D79B8 /* Project object */;
			proxyType = 1;
			remoteGlobalIDString = 8D4BFA9423A13CC9002D79B8;
			remoteInfo = HelloRxSwift;
		};
		8D4BFAB723A13CCC002D79B8 /* PBXContainerItemProxy */ = {
			isa = PBXContainerItemProxy;
			containerPortal = 8D4BFA8D23A13CC9002D79B8 /* Project object */;
			proxyType = 1;
			remoteGlobalIDString = 8D4BFA9423A13CC9002D79B8;
			remoteInfo = HelloRxSwift;
		};
/* End PBXContainerItemProxy section */

/* Begin PBXFileReference section */
		073FE9BD25815BDB4726AFE2 /* libPods-HelloRxSwift-HelloRxSwiftTests.a */ = {isa = PBXFileReference; explicitFileType = archive.ar; includeInIndex = 0; path = "libPods-HelloRxSwift-HelloRxSwiftTests.a"; sourceTree = BUILT_PRODUCTS_DIR; };
		245B86D6DCAFB85BF28FD3EB /* Pods-HelloRxSwift.debug.xcconfig */ = {isa = PBXFileReference; includeInIndex = 1; lastKnownFileType = text.xcconfig; name = "Pods-HelloRxSwift.debug.xcconfig"; path = "Target Support Files/Pods-HelloRxSwift/Pods-HelloRxSwift.debug.xcconfig"; sourceTree = "<group>"; };
		27D60EE36D5A447E85BFEF71 /* Pods-HelloRxSwift-HelloRxSwiftUITests.debug.xcconfig */ = {isa = PBXFileReference; includeInIndex = 1; lastKnownFileType = text.xcconfig; name = "Pods-HelloRxSwift-HelloRxSwiftUITests.debug.xcconfig"; path = "Target Support Files/Pods-HelloRxSwift-HelloRxSwiftUITests/Pods-HelloRxSwift-HelloRxSwiftUITests.debug.xcconfig"; sourceTree = "<group>"; };
		333F72696033488C8EA86FAF /* Pods-HelloRxSwift-HelloRxSwiftTests.release.xcconfig */ = {isa = PBXFileReference; includeInIndex = 1; lastKnownFileType = text.xcconfig; name = "Pods-HelloRxSwift-HelloRxSwiftTests.release.xcconfig"; path = "Target Support Files/Pods-HelloRxSwift-HelloRxSwiftTests/Pods-HelloRxSwift-HelloRxSwiftTests.release.xcconfig"; sourceTree = "<group>"; };
		6F76BB370B3975A8A367C8A9 /* Pods-HelloRxSwift.release.xcconfig */ = {isa = PBXFileReference; includeInIndex = 1; lastKnownFileType = text.xcconfig; name = "Pods-HelloRxSwift.release.xcconfig"; path = "Target Support Files/Pods-HelloRxSwift/Pods-HelloRxSwift.release.xcconfig"; sourceTree = "<group>"; };
		76B3B6065796E38998755E09 /* Pods-HelloRxSwift-HelloRxSwiftUITests.release.xcconfig */ = {isa = PBXFileReference; includeInIndex = 1; lastKnownFileType = text.xcconfig; name = "Pods-HelloRxSwift-HelloRxSwiftUITests.release.xcconfig"; path = "Target Support Files/Pods-HelloRxSwift-HelloRxSwiftUITests/Pods-HelloRxSwift-HelloRxSwiftUITests.release.xcconfig"; sourceTree = "<group>"; };
		78D0E4B6D85460C7CFD4E78D /* libPods-HelloRxSwift.a */ = {isa = PBXFileReference; explicitFileType = archive.ar; includeInIndex = 0; path = "libPods-HelloRxSwift.a"; sourceTree = BUILT_PRODUCTS_DIR; };
		8D4BFA9523A13CC9002D79B8 /* HelloRxSwift.app */ = {isa = PBXFileReference; explicitFileType = wrapper.application; includeInIndex = 0; path = HelloRxSwift.app; sourceTree = BUILT_PRODUCTS_DIR; };
		8D4BFA9823A13CC9002D79B8 /* AppDelegate.swift */ = {isa = PBXFileReference; lastKnownFileType = sourcecode.swift; path = AppDelegate.swift; sourceTree = "<group>"; };
		8D4BFA9A23A13CC9002D79B8 /* SceneDelegate.swift */ = {isa = PBXFileReference; lastKnownFileType = sourcecode.swift; path = SceneDelegate.swift; sourceTree = "<group>"; };
		8D4BFA9C23A13CC9002D79B8 /* ViewController.swift */ = {isa = PBXFileReference; lastKnownFileType = sourcecode.swift; path = ViewController.swift; sourceTree = "<group>"; };
		8D4BFA9F23A13CC9002D79B8 /* Base */ = {isa = PBXFileReference; lastKnownFileType = file.storyboard; name = Base; path = Base.lproj/Main.storyboard; sourceTree = "<group>"; };
		8D4BFAA123A13CCB002D79B8 /* Assets.xcassets */ = {isa = PBXFileReference; lastKnownFileType = folder.assetcatalog; path = Assets.xcassets; sourceTree = "<group>"; };
		8D4BFAA423A13CCB002D79B8 /* Base */ = {isa = PBXFileReference; lastKnownFileType = file.storyboard; name = Base; path = Base.lproj/LaunchScreen.storyboard; sourceTree = "<group>"; };
		8D4BFAA623A13CCB002D79B8 /* Info.plist */ = {isa = PBXFileReference; lastKnownFileType = text.plist.xml; path = Info.plist; sourceTree = "<group>"; };
		8D4BFAAB23A13CCC002D79B8 /* HelloRxSwiftTests.xctest */ = {isa = PBXFileReference; explicitFileType = wrapper.cfbundle; includeInIndex = 0; path = HelloRxSwiftTests.xctest; sourceTree = BUILT_PRODUCTS_DIR; };
		8D4BFAAF23A13CCC002D79B8 /* HelloRxSwiftTests.swift */ = {isa = PBXFileReference; lastKnownFileType = sourcecode.swift; path = HelloRxSwiftTests.swift; sourceTree = "<group>"; };
		8D4BFAB123A13CCC002D79B8 /* Info.plist */ = {isa = PBXFileReference; lastKnownFileType = text.plist.xml; path = Info.plist; sourceTree = "<group>"; };
		8D4BFAB623A13CCC002D79B8 /* HelloRxSwiftUITests.xctest */ = {isa = PBXFileReference; explicitFileType = wrapper.cfbundle; includeInIndex = 0; path = HelloRxSwiftUITests.xctest; sourceTree = BUILT_PRODUCTS_DIR; };
		8D4BFABA23A13CCC002D79B8 /* HelloRxSwiftUITests.swift */ = {isa = PBXFileReference; lastKnownFileType = sourcecode.swift; path = HelloRxSwiftUITests.swift; sourceTree = "<group>"; };
		8D4BFABC23A13CCC002D79B8 /* Info.plist */ = {isa = PBXFileReference; lastKnownFileType = text.plist.xml; path = Info.plist; sourceTree = "<group>"; };
		8D78C5E623A1DBD1002718FA /* MyPlayground.playground */ = {isa = PBXFileReference; lastKnownFileType = file.playground; path = MyPlayground.playground; sourceTree = "<group>"; xcLanguageSpecificationIdentifier = xcode.lang.swift; };
		8D78C5E723A1EEC6002718FA /* SecondViewController.swift */ = {isa = PBXFileReference; lastKnownFileType = sourcecode.swift; path = SecondViewController.swift; sourceTree = "<group>"; };
		C396E6ACD8D508840A1B3FE5 /* libPods-HelloRxSwift-HelloRxSwiftUITests.a */ = {isa = PBXFileReference; explicitFileType = archive.ar; includeInIndex = 0; path = "libPods-HelloRxSwift-HelloRxSwiftUITests.a"; sourceTree = BUILT_PRODUCTS_DIR; };
		E4621B5141402B97CAD680C5 /* Pods-HelloRxSwift-HelloRxSwiftTests.debug.xcconfig */ = {isa = PBXFileReference; includeInIndex = 1; lastKnownFileType = text.xcconfig; name = "Pods-HelloRxSwift-HelloRxSwiftTests.debug.xcconfig"; path = "Target Support Files/Pods-HelloRxSwift-HelloRxSwiftTests/Pods-HelloRxSwift-HelloRxSwiftTests.debug.xcconfig"; sourceTree = "<group>"; };
/* End PBXFileReference section */

/* Begin PBXFrameworksBuildPhase section */
		8D4BFA9223A13CC9002D79B8 /* Frameworks */ = {
			isa = PBXFrameworksBuildPhase;
			buildActionMask = 2147483647;
			files = (
				36FD4AAF2B395F0A88852E98 /* libPods-HelloRxSwift.a in Frameworks */,
			);
			runOnlyForDeploymentPostprocessing = 0;
		};
		8D4BFAA823A13CCC002D79B8 /* Frameworks */ = {
			isa = PBXFrameworksBuildPhase;
			buildActionMask = 2147483647;
			files = (
				7519B9022D1E50691A1EA0C6 /* libPods-HelloRxSwift-HelloRxSwiftTests.a in Frameworks */,
			);
			runOnlyForDeploymentPostprocessing = 0;
		};
		8D4BFAB323A13CCC002D79B8 /* Frameworks */ = {
			isa = PBXFrameworksBuildPhase;
			buildActionMask = 2147483647;
			files = (
				3D315817BB4AD37019C54286 /* libPods-HelloRxSwift-HelloRxSwiftUITests.a in Frameworks */,
			);
			runOnlyForDeploymentPostprocessing = 0;
		};
/* End PBXFrameworksBuildPhase section */

/* Begin PBXGroup section */
		87BEA6CFAF0C86D7747E3FC4 /* Frameworks */ = {
			isa = PBXGroup;
			children = (
				78D0E4B6D85460C7CFD4E78D /* libPods-HelloRxSwift.a */,
				073FE9BD25815BDB4726AFE2 /* libPods-HelloRxSwift-HelloRxSwiftTests.a */,
				C396E6ACD8D508840A1B3FE5 /* libPods-HelloRxSwift-HelloRxSwiftUITests.a */,
			);
			name = Frameworks;
			sourceTree = "<group>";
		};
		8D4BFA8C23A13CC9002D79B8 = {
			isa = PBXGroup;
			children = (
				8D78C5E623A1DBD1002718FA /* MyPlayground.playground */,
				8D4BFA9723A13CC9002D79B8 /* HelloRxSwift */,
				8D4BFAAE23A13CCC002D79B8 /* HelloRxSwiftTests */,
				8D4BFAB923A13CCC002D79B8 /* HelloRxSwiftUITests */,
				8D4BFA9623A13CC9002D79B8 /* Products */,
				9F643FD2842BB8EE3A9458BE /* Pods */,
				87BEA6CFAF0C86D7747E3FC4 /* Frameworks */,
			);
			sourceTree = "<group>";
		};
		8D4BFA9623A13CC9002D79B8 /* Products */ = {
			isa = PBXGroup;
			children = (
				8D4BFA9523A13CC9002D79B8 /* HelloRxSwift.app */,
				8D4BFAAB23A13CCC002D79B8 /* HelloRxSwiftTests.xctest */,
				8D4BFAB623A13CCC002D79B8 /* HelloRxSwiftUITests.xctest */,
			);
			name = Products;
			sourceTree = "<group>";
		};
		8D4BFA9723A13CC9002D79B8 /* HelloRxSwift */ = {
			isa = PBXGroup;
			children = (
				8D4BFA9823A13CC9002D79B8 /* AppDelegate.swift */,
				8D4BFA9A23A13CC9002D79B8 /* SceneDelegate.swift */,
				8D4BFA9C23A13CC9002D79B8 /* ViewController.swift */,
				8D78C5E723A1EEC6002718FA /* SecondViewController.swift */,
				8D4BFA9E23A13CC9002D79B8 /* Main.storyboard */,
				8D4BFAA123A13CCB002D79B8 /* Assets.xcassets */,
				8D4BFAA323A13CCB002D79B8 /* LaunchScreen.storyboard */,
				8D4BFAA623A13CCB002D79B8 /* Info.plist */,
			);
			path = HelloRxSwift;
			sourceTree = "<group>";
		};
		8D4BFAAE23A13CCC002D79B8 /* HelloRxSwiftTests */ = {
			isa = PBXGroup;
			children = (
				8D4BFAAF23A13CCC002D79B8 /* HelloRxSwiftTests.swift */,
				8D4BFAB123A13CCC002D79B8 /* Info.plist */,
			);
			path = HelloRxSwiftTests;
			sourceTree = "<group>";
		};
		8D4BFAB923A13CCC002D79B8 /* HelloRxSwiftUITests */ = {
			isa = PBXGroup;
			children = (
				8D4BFABA23A13CCC002D79B8 /* HelloRxSwiftUITests.swift */,
				8D4BFABC23A13CCC002D79B8 /* Info.plist */,
			);
			path = HelloRxSwiftUITests;
			sourceTree = "<group>";
		};
		9F643FD2842BB8EE3A9458BE /* Pods */ = {
			isa = PBXGroup;
			children = (
				245B86D6DCAFB85BF28FD3EB /* Pods-HelloRxSwift.debug.xcconfig */,
				6F76BB370B3975A8A367C8A9 /* Pods-HelloRxSwift.release.xcconfig */,
				E4621B5141402B97CAD680C5 /* Pods-HelloRxSwift-HelloRxSwiftTests.debug.xcconfig */,
				333F72696033488C8EA86FAF /* Pods-HelloRxSwift-HelloRxSwiftTests.release.xcconfig */,
				27D60EE36D5A447E85BFEF71 /* Pods-HelloRxSwift-HelloRxSwiftUITests.debug.xcconfig */,
				76B3B6065796E38998755E09 /* Pods-HelloRxSwift-HelloRxSwiftUITests.release.xcconfig */,
			);
			path = Pods;
			sourceTree = "<group>";
		};
/* End PBXGroup section */

/* Begin PBXNativeTarget section */
		8D4BFA9423A13CC9002D79B8 /* HelloRxSwift */ = {
			isa = PBXNativeTarget;
			buildConfigurationList = 8D4BFABF23A13CCC002D79B8 /* Build configuration list for PBXNativeTarget "HelloRxSwift" */;
			buildPhases = (
				01CF8CED3B71836A743FA72C /* [CP] Check Pods Manifest.lock */,
				8D4BFA9123A13CC9002D79B8 /* Sources */,
				8D4BFA9223A13CC9002D79B8 /* Frameworks */,
				8D4BFA9323A13CC9002D79B8 /* Resources */,
			);
			buildRules = (
			);
			dependencies = (
			);
			name = HelloRxSwift;
			productName = HelloRxSwift;
			productReference = 8D4BFA9523A13CC9002D79B8 /* HelloRxSwift.app */;
			productType = "com.apple.product-type.application";
		};
		8D4BFAAA23A13CCC002D79B8 /* HelloRxSwiftTests */ = {
			isa = PBXNativeTarget;
			buildConfigurationList = 8D4BFAC223A13CCC002D79B8 /* Build configuration list for PBXNativeTarget "HelloRxSwiftTests" */;
			buildPhases = (
				E9D9A5DCC762B40D318AE2C8 /* [CP] Check Pods Manifest.lock */,
				8D4BFAA723A13CCC002D79B8 /* Sources */,
				8D4BFAA823A13CCC002D79B8 /* Frameworks */,
				8D4BFAA923A13CCC002D79B8 /* Resources */,
			);
			buildRules = (
			);
			dependencies = (
				8D4BFAAD23A13CCC002D79B8 /* PBXTargetDependency */,
			);
			name = HelloRxSwiftTests;
			productName = HelloRxSwiftTests;
			productReference = 8D4BFAAB23A13CCC002D79B8 /* HelloRxSwiftTests.xctest */;
			productType = "com.apple.product-type.bundle.unit-test";
		};
		8D4BFAB523A13CCC002D79B8 /* HelloRxSwiftUITests */ = {
			isa = PBXNativeTarget;
			buildConfigurationList = 8D4BFAC523A13CCC002D79B8 /* Build configuration list for PBXNativeTarget "HelloRxSwiftUITests" */;
			buildPhases = (
				F325C9E23609BFC431603359 /* [CP] Check Pods Manifest.lock */,
				8D4BFAB223A13CCC002D79B8 /* Sources */,
				8D4BFAB323A13CCC002D79B8 /* Frameworks */,
				8D4BFAB423A13CCC002D79B8 /* Resources */,
			);
			buildRules = (
			);
			dependencies = (
				8D4BFAB823A13CCC002D79B8 /* PBXTargetDependency */,
			);
			name = HelloRxSwiftUITests;
			productName = HelloRxSwiftUITests;
			productReference = 8D4BFAB623A13CCC002D79B8 /* HelloRxSwiftUITests.xctest */;
			productType = "com.apple.product-type.bundle.ui-testing";
		};
/* End PBXNativeTarget section */

/* Begin PBXProject section */
		8D4BFA8D23A13CC9002D79B8 /* Project object */ = {
			isa = PBXProject;
			attributes = {
				LastSwiftUpdateCheck = 1130;
				LastUpgradeCheck = 1130;
				ORGANIZATIONNAME = KIENPT6;
				TargetAttributes = {
					8D4BFA9423A13CC9002D79B8 = {
						CreatedOnToolsVersion = 11.3;
					};
					8D4BFAAA23A13CCC002D79B8 = {
						CreatedOnToolsVersion = 11.3;
						TestTargetID = 8D4BFA9423A13CC9002D79B8;
					};
					8D4BFAB523A13CCC002D79B8 = {
						CreatedOnToolsVersion = 11.3;
						TestTargetID = 8D4BFA9423A13CC9002D79B8;
					};
				};
			};
			buildConfigurationList = 8D4BFA9023A13CC9002D79B8 /* Build configuration list for PBXProject "HelloRxSwift" */;
			compatibilityVersion = "Xcode 9.3";
			developmentRegion = en;
			hasScannedForEncodings = 0;
			knownRegions = (
				en,
				Base,
			);
			mainGroup = 8D4BFA8C23A13CC9002D79B8;
			productRefGroup = 8D4BFA9623A13CC9002D79B8 /* Products */;
			projectDirPath = "";
			projectRoot = "";
			targets = (
				8D4BFA9423A13CC9002D79B8 /* HelloRxSwift */,
				8D4BFAAA23A13CCC002D79B8 /* HelloRxSwiftTests */,
				8D4BFAB523A13CCC002D79B8 /* HelloRxSwiftUITests */,
			);
		};
/* End PBXProject section */

/* Begin PBXResourcesBuildPhase section */
		8D4BFA9323A13CC9002D79B8 /* Resources */ = {
			isa = PBXResourcesBuildPhase;
			buildActionMask = 2147483647;
			files = (
				8D4BFAA523A13CCB002D79B8 /* LaunchScreen.storyboard in Resources */,
				8D4BFAA223A13CCB002D79B8 /* Assets.xcassets in Resources */,
				8D4BFAA023A13CC9002D79B8 /* Main.storyboard in Resources */,
			);
			runOnlyForDeploymentPostprocessing = 0;
		};
		8D4BFAA923A13CCC002D79B8 /* Resources */ = {
			isa = PBXResourcesBuildPhase;
			buildActionMask = 2147483647;
			files = (
			);
			runOnlyForDeploymentPostprocessing = 0;
		};
		8D4BFAB423A13CCC002D79B8 /* Resources */ = {
			isa = PBXResourcesBuildPhase;
			buildActionMask = 2147483647;
			files = (
			);
			runOnlyForDeploymentPostprocessing = 0;
		};
/* End PBXResourcesBuildPhase section */

/* Begin PBXShellScriptBuildPhase section */
		01CF8CED3B71836A743FA72C /* [CP] Check Pods Manifest.lock */ = {
			isa = PBXShellScriptBuildPhase;
			buildActionMask = 2147483647;
			files = (
			);
			inputFileListPaths = (
			);
			inputPaths = (
				"${PODS_PODFILE_DIR_PATH}/Podfile.lock",
				"${PODS_ROOT}/Manifest.lock",
			);
			name = "[CP] Check Pods Manifest.lock";
			outputFileListPaths = (
			);
			outputPaths = (
				"$(DERIVED_FILE_DIR)/Pods-HelloRxSwift-checkManifestLockResult.txt",
			);
			runOnlyForDeploymentPostprocessing = 0;
			shellPath = /bin/sh;
			shellScript = "diff \"${PODS_PODFILE_DIR_PATH}/Podfile.lock\" \"${PODS_ROOT}/Manifest.lock\" > /dev/null\nif [ $? != 0 ] ; then\n    # print error to STDERR\n    echo \"error: The sandbox is not in sync with the Podfile.lock. Run 'pod install' or update your CocoaPods installation.\" >&2\n    exit 1\nfi\n# This output is used by Xcode 'outputs' to avoid re-running this script phase.\necho \"SUCCESS\" > \"${SCRIPT_OUTPUT_FILE_0}\"\n";
			showEnvVarsInLog = 0;
		};
		E9D9A5DCC762B40D318AE2C8 /* [CP] Check Pods Manifest.lock */ = {
			isa = PBXShellScriptBuildPhase;
			buildActionMask = 2147483647;
			files = (
			);
			inputFileListPaths = (
			);
			inputPaths = (
				"${PODS_PODFILE_DIR_PATH}/Podfile.lock",
				"${PODS_ROOT}/Manifest.lock",
			);
			name = "[CP] Check Pods Manifest.lock";
			outputFileListPaths = (
			);
			outputPaths = (
				"$(DERIVED_FILE_DIR)/Pods-HelloRxSwift-HelloRxSwiftTests-checkManifestLockResult.txt",
			);
			runOnlyForDeploymentPostprocessing = 0;
			shellPath = /bin/sh;
			shellScript = "diff \"${PODS_PODFILE_DIR_PATH}/Podfile.lock\" \"${PODS_ROOT}/Manifest.lock\" > /dev/null\nif [ $? != 0 ] ; then\n    # print error to STDERR\n    echo \"error: The sandbox is not in sync with the Podfile.lock. Run 'pod install' or update your CocoaPods installation.\" >&2\n    exit 1\nfi\n# This output is used by Xcode 'outputs' to avoid re-running this script phase.\necho \"SUCCESS\" > \"${SCRIPT_OUTPUT_FILE_0}\"\n";
			showEnvVarsInLog = 0;
		};
		F325C9E23609BFC431603359 /* [CP] Check Pods Manifest.lock */ = {
			isa = PBXShellScriptBuildPhase;
			buildActionMask = 2147483647;
			files = (
			);
			inputFileListPaths = (
			);
			inputPaths = (
				"${PODS_PODFILE_DIR_PATH}/Podfile.lock",
				"${PODS_ROOT}/Manifest.lock",
			);
			name = "[CP] Check Pods Manifest.lock";
			outputFileListPaths = (
			);
			outputPaths = (
				"$(DERIVED_FILE_DIR)/Pods-HelloRxSwift-HelloRxSwiftUITests-checkManifestLockResult.txt",
			);
			runOnlyForDeploymentPostprocessing = 0;
			shellPath = /bin/sh;
			shellScript = "diff \"${PODS_PODFILE_DIR_PATH}/Podfile.lock\" \"${PODS_ROOT}/Manifest.lock\" > /dev/null\nif [ $? != 0 ] ; then\n    # print error to STDERR\n    echo \"error: The sandbox is not in sync with the Podfile.lock. Run 'pod install' or update your CocoaPods installation.\" >&2\n    exit 1\nfi\n# This output is used by Xcode 'outputs' to avoid re-running this script phase.\necho \"SUCCESS\" > \"${SCRIPT_OUTPUT_FILE_0}\"\n";
			showEnvVarsInLog = 0;
		};
/* End PBXShellScriptBuildPhase section */

/* Begin PBXSourcesBuildPhase section */
		8D4BFA9123A13CC9002D79B8 /* Sources */ = {
			isa = PBXSourcesBuildPhase;
			buildActionMask = 2147483647;
			files = (
				8D78C5E823A1EEC6002718FA /* SecondViewController.swift in Sources */,
				8D4BFA9D23A13CC9002D79B8 /* ViewController.swift in Sources */,
				8D4BFA9923A13CC9002D79B8 /* AppDelegate.swift in Sources */,
				8D4BFA9B23A13CC9002D79B8 /* SceneDelegate.swift in Sources */,
			);
			runOnlyForDeploymentPostprocessing = 0;
		};
		8D4BFAA723A13CCC002D79B8 /* Sources */ = {
			isa = PBXSourcesBuildPhase;
			buildActionMask = 2147483647;
			files = (
				8D4BFAB023A13CCC002D79B8 /* HelloRxSwiftTests.swift in Sources */,
			);
			runOnlyForDeploymentPostprocessing = 0;
		};
		8D4BFAB223A13CCC002D79B8 /* Sources */ = {
			isa = PBXSourcesBuildPhase;
			buildActionMask = 2147483647;
			files = (
				8D4BFABB23A13CCC002D79B8 /* HelloRxSwiftUITests.swift in Sources */,
			);
			runOnlyForDeploymentPostprocessing = 0;
		};
/* End PBXSourcesBuildPhase section */

/* Begin PBXTargetDependency section */
		8D4BFAAD23A13CCC002D79B8 /* PBXTargetDependency */ = {
			isa = PBXTargetDependency;
			target = 8D4BFA9423A13CC9002D79B8 /* HelloRxSwift */;
			targetProxy = 8D4BFAAC23A13CCC002D79B8 /* PBXContainerItemProxy */;
		};
		8D4BFAB823A13CCC002D79B8 /* PBXTargetDependency */ = {
			isa = PBXTargetDependency;
			target = 8D4BFA9423A13CC9002D79B8 /* HelloRxSwift */;
			targetProxy = 8D4BFAB723A13CCC002D79B8 /* PBXContainerItemProxy */;
		};
/* End PBXTargetDependency section */

/* Begin PBXVariantGroup section */
		8D4BFA9E23A13CC9002D79B8 /* Main.storyboard */ = {
			isa = PBXVariantGroup;
			children = (
				8D4BFA9F23A13CC9002D79B8 /* Base */,
			);
			name = Main.storyboard;
			sourceTree = "<group>";
		};
		8D4BFAA323A13CCB002D79B8 /* LaunchScreen.storyboard */ = {
			isa = PBXVariantGroup;
			children = (
				8D4BFAA423A13CCB002D79B8 /* Base */,
			);
			name = LaunchScreen.storyboard;
			sourceTree = "<group>";
		};
/* End PBXVariantGroup section */

/* Begin XCBuildConfiguration section */
		8D4BFABD23A13CCC002D79B8 /* Debug */ = {
			isa = XCBuildConfiguration;
			buildSettings = {
				ALWAYS_SEARCH_USER_PATHS = NO;
				CLANG_ANALYZER_NONNULL = YES;
				CLANG_ANALYZER_NUMBER_OBJECT_CONVERSION = YES_AGGRESSIVE;
				CLANG_CXX_LANGUAGE_STANDARD = "gnu++14";
				CLANG_CXX_LIBRARY = "libc++";
				CLANG_ENABLE_MODULES = YES;
				CLANG_ENABLE_OBJC_ARC = YES;
				CLANG_ENABLE_OBJC_WEAK = YES;
				CLANG_WARN_BLOCK_CAPTURE_AUTORELEASING = YES;
				CLANG_WARN_BOOL_CONVERSION = YES;
				CLANG_WARN_COMMA = YES;
				CLANG_WARN_CONSTANT_CONVERSION = YES;
				CLANG_WARN_DEPRECATED_OBJC_IMPLEMENTATIONS = YES;
				CLANG_WARN_DIRECT_OBJC_ISA_USAGE = YES_ERROR;
				CLANG_WARN_DOCUMENTATION_COMMENTS = YES;
				CLANG_WARN_EMPTY_BODY = YES;
				CLANG_WARN_ENUM_CONVERSION = YES;
				CLANG_WARN_INFINITE_RECURSION = YES;
				CLANG_WARN_INT_CONVERSION = YES;
				CLANG_WARN_NON_LITERAL_NULL_CONVERSION = YES;
				CLANG_WARN_OBJC_IMPLICIT_RETAIN_SELF = YES;
				CLANG_WARN_OBJC_LITERAL_CONVERSION = YES;
				CLANG_WARN_OBJC_ROOT_CLASS = YES_ERROR;
				CLANG_WARN_RANGE_LOOP_ANALYSIS = YES;
				CLANG_WARN_STRICT_PROTOTYPES = YES;
				CLANG_WARN_SUSPICIOUS_MOVE = YES;
				CLANG_WARN_UNGUARDED_AVAILABILITY = YES_AGGRESSIVE;
				CLANG_WARN_UNREACHABLE_CODE = YES;
				CLANG_WARN__DUPLICATE_METHOD_MATCH = YES;
				COPY_PHASE_STRIP = NO;
				DEBUG_INFORMATION_FORMAT = dwarf;
				ENABLE_STRICT_OBJC_MSGSEND = YES;
				ENABLE_TESTABILITY = YES;
				GCC_C_LANGUAGE_STANDARD = gnu11;
				GCC_DYNAMIC_NO_PIC = NO;
				GCC_NO_COMMON_BLOCKS = YES;
				GCC_OPTIMIZATION_LEVEL = 0;
				GCC_PREPROCESSOR_DEFINITIONS = (
					"DEBUG=1",
					"$(inherited)",
				);
				GCC_WARN_64_TO_32_BIT_CONVERSION = YES;
				GCC_WARN_ABOUT_RETURN_TYPE = YES_ERROR;
				GCC_WARN_UNDECLARED_SELECTOR = YES;
				GCC_WARN_UNINITIALIZED_AUTOS = YES_AGGRESSIVE;
				GCC_WARN_UNUSED_FUNCTION = YES;
				GCC_WARN_UNUSED_VARIABLE = YES;
				IPHONEOS_DEPLOYMENT_TARGET = 13.2;
				MTL_ENABLE_DEBUG_INFO = INCLUDE_SOURCE;
				MTL_FAST_MATH = YES;
				ONLY_ACTIVE_ARCH = YES;
				SDKROOT = iphoneos;
				SWIFT_ACTIVE_COMPILATION_CONDITIONS = DEBUG;
				SWIFT_OPTIMIZATION_LEVEL = "-Onone";
			};
			name = Debug;
		};
		8D4BFABE23A13CCC002D79B8 /* Release */ = {
			isa = XCBuildConfiguration;
			buildSettings = {
				ALWAYS_SEARCH_USER_PATHS = NO;
				CLANG_ANALYZER_NONNULL = YES;
				CLANG_ANALYZER_NUMBER_OBJECT_CONVERSION = YES_AGGRESSIVE;
				CLANG_CXX_LANGUAGE_STANDARD = "gnu++14";
				CLANG_CXX_LIBRARY = "libc++";
				CLANG_ENABLE_MODULES = YES;
				CLANG_ENABLE_OBJC_ARC = YES;
				CLANG_ENABLE_OBJC_WEAK = YES;
				CLANG_WARN_BLOCK_CAPTURE_AUTORELEASING = YES;
				CLANG_WARN_BOOL_CONVERSION = YES;
				CLANG_WARN_COMMA = YES;
				CLANG_WARN_CONSTANT_CONVERSION = YES;
				CLANG_WARN_DEPRECATED_OBJC_IMPLEMENTATIONS = YES;
				CLANG_WARN_DIRECT_OBJC_ISA_USAGE = YES_ERROR;
				CLANG_WARN_DOCUMENTATION_COMMENTS = YES;
				CLANG_WARN_EMPTY_BODY = YES;
				CLANG_WARN_ENUM_CONVERSION = YES;
				CLANG_WARN_INFINITE_RECURSION = YES;
				CLANG_WARN_INT_CONVERSION = YES;
				CLANG_WARN_NON_LITERAL_NULL_CONVERSION = YES;
				CLANG_WARN_OBJC_IMPLICIT_RETAIN_SELF = YES;
				CLANG_WARN_OBJC_LITERAL_CONVERSION = YES;
				CLANG_WARN_OBJC_ROOT_CLASS = YES_ERROR;
				CLANG_WARN_RANGE_LOOP_ANALYSIS = YES;
				CLANG_WARN_STRICT_PROTOTYPES = YES;
				CLANG_WARN_SUSPICIOUS_MOVE = YES;
				CLANG_WARN_UNGUARDED_AVAILABILITY = YES_AGGRESSIVE;
				CLANG_WARN_UNREACHABLE_CODE = YES;
				CLANG_WARN__DUPLICATE_METHOD_MATCH = YES;
				COPY_PHASE_STRIP = NO;
				DEBUG_INFORMATION_FORMAT = "dwarf-with-dsym";
				ENABLE_NS_ASSERTIONS = NO;
				ENABLE_STRICT_OBJC_MSGSEND = YES;
				GCC_C_LANGUAGE_STANDARD = gnu11;
				GCC_NO_COMMON_BLOCKS = YES;
				GCC_WARN_64_TO_32_BIT_CONVERSION = YES;
				GCC_WARN_ABOUT_RETURN_TYPE = YES_ERROR;
				GCC_WARN_UNDECLARED_SELECTOR = YES;
				GCC_WARN_UNINITIALIZED_AUTOS = YES_AGGRESSIVE;
				GCC_WARN_UNUSED_FUNCTION = YES;
				GCC_WARN_UNUSED_VARIABLE = YES;
				IPHONEOS_DEPLOYMENT_TARGET = 13.2;
				MTL_ENABLE_DEBUG_INFO = NO;
				MTL_FAST_MATH = YES;
				SDKROOT = iphoneos;
				SWIFT_COMPILATION_MODE = wholemodule;
				SWIFT_OPTIMIZATION_LEVEL = "-O";
				VALIDATE_PRODUCT = YES;
			};
			name = Release;
		};
		8D4BFAC023A13CCC002D79B8 /* Debug */ = {
			isa = XCBuildConfiguration;
			baseConfigurationReference = 245B86D6DCAFB85BF28FD3EB /* Pods-HelloRxSwift.debug.xcconfig */;
			buildSettings = {
				ASSETCATALOG_COMPILER_APPICON_NAME = AppIcon;
				CODE_SIGN_STYLE = Automatic;
				INFOPLIST_FILE = HelloRxSwift/Info.plist;
				LD_RUNPATH_SEARCH_PATHS = (
					"$(inherited)",
					"@executable_path/Frameworks",
				);
				PRODUCT_BUNDLE_IDENTIFIER = kevinphamdev.HelloRxSwift;
				PRODUCT_NAME = "$(TARGET_NAME)";
				SWIFT_VERSION = 5.0;
				TARGETED_DEVICE_FAMILY = "1,2";
			};
			name = Debug;
		};
		8D4BFAC123A13CCC002D79B8 /* Release */ = {
			isa = XCBuildConfiguration;
			baseConfigurationReference = 6F76BB370B3975A8A367C8A9 /* Pods-HelloRxSwift.release.xcconfig */;
			buildSettings = {
				ASSETCATALOG_COMPILER_APPICON_NAME = AppIcon;
				CODE_SIGN_STYLE = Automatic;
				INFOPLIST_FILE = HelloRxSwift/Info.plist;
				LD_RUNPATH_SEARCH_PATHS = (
					"$(inherited)",
					"@executable_path/Frameworks",
				);
				PRODUCT_BUNDLE_IDENTIFIER = kevinphamdev.HelloRxSwift;
				PRODUCT_NAME = "$(TARGET_NAME)";
				SWIFT_VERSION = 5.0;
				TARGETED_DEVICE_FAMILY = "1,2";
			};
			name = Release;
		};
		8D4BFAC323A13CCC002D79B8 /* Debug */ = {
			isa = XCBuildConfiguration;
			baseConfigurationReference = E4621B5141402B97CAD680C5 /* Pods-HelloRxSwift-HelloRxSwiftTests.debug.xcconfig */;
			buildSettings = {
				ALWAYS_EMBED_SWIFT_STANDARD_LIBRARIES = YES;
				BUNDLE_LOADER = "$(TEST_HOST)";
				CODE_SIGN_STYLE = Automatic;
				INFOPLIST_FILE = HelloRxSwiftTests/Info.plist;
				IPHONEOS_DEPLOYMENT_TARGET = 13.2;
				LD_RUNPATH_SEARCH_PATHS = (
					"$(inherited)",
					"@executable_path/Frameworks",
					"@loader_path/Frameworks",
				);
				PRODUCT_BUNDLE_IDENTIFIER = kevinphamdev.HelloRxSwiftTests;
				PRODUCT_NAME = "$(TARGET_NAME)";
				SWIFT_VERSION = 5.0;
				TARGETED_DEVICE_FAMILY = "1,2";
				TEST_HOST = "$(BUILT_PRODUCTS_DIR)/HelloRxSwift.app/HelloRxSwift";
			};
			name = Debug;
		};
		8D4BFAC423A13CCC002D79B8 /* Release */ = {
			isa = XCBuildConfiguration;
			baseConfigurationReference = 333F72696033488C8EA86FAF /* Pods-HelloRxSwift-HelloRxSwiftTests.release.xcconfig */;
			buildSettings = {
				ALWAYS_EMBED_SWIFT_STANDARD_LIBRARIES = YES;
				BUNDLE_LOADER = "$(TEST_HOST)";
				CODE_SIGN_STYLE = Automatic;
				INFOPLIST_FILE = HelloRxSwiftTests/Info.plist;
				IPHONEOS_DEPLOYMENT_TARGET = 13.2;
				LD_RUNPATH_SEARCH_PATHS = (
					"$(inherited)",
					"@executable_path/Frameworks",
					"@loader_path/Frameworks",
				);
				PRODUCT_BUNDLE_IDENTIFIER = kevinphamdev.HelloRxSwiftTests;
				PRODUCT_NAME = "$(TARGET_NAME)";
				SWIFT_VERSION = 5.0;
				TARGETED_DEVICE_FAMILY = "1,2";
				TEST_HOST = "$(BUILT_PRODUCTS_DIR)/HelloRxSwift.app/HelloRxSwift";
			};
			name = Release;
		};
		8D4BFAC623A13CCC002D79B8 /* Debug */ = {
			isa = XCBuildConfiguration;
			baseConfigurationReference = 27D60EE36D5A447E85BFEF71 /* Pods-HelloRxSwift-HelloRxSwiftUITests.debug.xcconfig */;
			buildSettings = {
				ALWAYS_EMBED_SWIFT_STANDARD_LIBRARIES = YES;
				CODE_SIGN_STYLE = Automatic;
				INFOPLIST_FILE = HelloRxSwiftUITests/Info.plist;
				LD_RUNPATH_SEARCH_PATHS = (
					"$(inherited)",
					"@executable_path/Frameworks",
					"@loader_path/Frameworks",
				);
				PRODUCT_BUNDLE_IDENTIFIER = kevinphamdev.HelloRxSwiftUITests;
				PRODUCT_NAME = "$(TARGET_NAME)";
				SWIFT_VERSION = 5.0;
				TARGETED_DEVICE_FAMILY = "1,2";
				TEST_TARGET_NAME = HelloRxSwift;
			};
			name = Debug;
		};
		8D4BFAC723A13CCC002D79B8 /* Release */ = {
			isa = XCBuildConfiguration;
			baseConfigurationReference = 76B3B6065796E38998755E09 /* Pods-HelloRxSwift-HelloRxSwiftUITests.release.xcconfig */;
			buildSettings = {
				ALWAYS_EMBED_SWIFT_STANDARD_LIBRARIES = YES;
				CODE_SIGN_STYLE = Automatic;
				INFOPLIST_FILE = HelloRxSwiftUITests/Info.plist;
				LD_RUNPATH_SEARCH_PATHS = (
					"$(inherited)",
					"@executable_path/Frameworks",
					"@loader_path/Frameworks",
				);
				PRODUCT_BUNDLE_IDENTIFIER = kevinphamdev.HelloRxSwiftUITests;
				PRODUCT_NAME = "$(TARGET_NAME)";
				SWIFT_VERSION = 5.0;
				TARGETED_DEVICE_FAMILY = "1,2";
				TEST_TARGET_NAME = HelloRxSwift;
			};
			name = Release;
		};
/* End XCBuildConfiguration section */

/* Begin XCConfigurationList section */
		8D4BFA9023A13CC9002D79B8 /* Build configuration list for PBXProject "HelloRxSwift" */ = {
			isa = XCConfigurationList;
			buildConfigurations = (
				8D4BFABD23A13CCC002D79B8 /* Debug */,
				8D4BFABE23A13CCC002D79B8 /* Release */,
			);
			defaultConfigurationIsVisible = 0;
			defaultConfigurationName = Release;
		};
		8D4BFABF23A13CCC002D79B8 /* Build configuration list for PBXNativeTarget "HelloRxSwift" */ = {
			isa = XCConfigurationList;
			buildConfigurations = (
				8D4BFAC023A13CCC002D79B8 /* Debug */,
				8D4BFAC123A13CCC002D79B8 /* Release */,
			);
			defaultConfigurationIsVisible = 0;
			defaultConfigurationName = Release;
		};
		8D4BFAC223A13CCC002D79B8 /* Build configuration list for PBXNativeTarget "HelloRxSwiftTests" */ = {
			isa = XCConfigurationList;
			buildConfigurations = (
				8D4BFAC323A13CCC002D79B8 /* Debug */,
				8D4BFAC423A13CCC002D79B8 /* Release */,
			);
			defaultConfigurationIsVisible = 0;
			defaultConfigurationName = Release;
		};
		8D4BFAC523A13CCC002D79B8 /* Build configuration list for PBXNativeTarget "HelloRxSwiftUITests" */ = {
			isa = XCConfigurationList;
			buildConfigurations = (
				8D4BFAC623A13CCC002D79B8 /* Debug */,
				8D4BFAC723A13CCC002D79B8 /* Release */,
			);
			defaultConfigurationIsVisible = 0;
			defaultConfigurationName = Release;
		};
/* End XCConfigurationList section */
	};
	rootObject = 8D4BFA8D23A13CC9002D79B8 /* Project object */;
}
